
Microsoft Visual Studio Solution File, Format Version 12.00
# Visual Studio Version 17
VisualStudioVersion = 17.14.37516.0 d17.14
MinimumVisualStudioVersion = 10.0.40219.1
Project("{FAE04EC0-301F-11D3-BF4B-00C04F79EFBC}") = "todoApp", "todoApp\todoApp.csproj", "{22F9AF01-BDDB-4665-9DCA-0584E8933D61}"
EndProject
Global
	GlobalSection(SolutionConfigurationPlatforms) = preSolution
		Debug|Any CPU = Debug|Any CPU
		Release|Any CPU = Release|Any CPU
	EndGlobalSection
	GlobalSection(ProjectConfigurationPlatforms) = postSolution
		{22F9AF01-BDDB-4665-9DCA-0584E8933D61}.Debug|Any CPU.ActiveCfg = Debug|Any CPU
		{22F9AF01-BDDB-4665-9DCA-0584E8933D61}.Debug|Any CPU.Build.0 = Debug|Any CPU
		{22F9AF01-BDDB-4665-9DCA-0584E8933D61}.Release|Any CPU.ActiveCfg = Release|Any CPU
		{22F9AF01-BDDB-4665-9DCA-0584E8933D61}.Release|Any CPU.Build.0 = Release|Any CPU
	EndGlobalSection
	GlobalSection(SolutionProperties) = preSolution
		HideSolutionNode = FALSE
	EndGlobalSection
	GlobalSection(ExtensibilityGlobals) = postSolution
		SolutionGuid = {D0083D8E-7287-45C3-AC4C-639FD564880E}
	EndGlobalSection
EndGlobal
